
Microsoft Visual Studio Solution File, Format Version 12.00
Project("{FAE04EC0-301F-11D3-BF4B-00C04F79EFBC}") = "Ean.LarkBot.WebApi", "src\Ean.LarkBot.WebApi\Ean.LarkBot.WebApi.csproj", "{C8730F6D-88B5-46C9-82CD-2C1813529B21}"
EndProject
Project("{FAE04EC0-301F-11D3-BF4B-00C04F79EFBC}") = "Ean.LarkBot.Core", "src\Ean.LarkBot.Core\Ean.LarkBot.Core.csproj", "{2724D8E5-9C78-4DFF-8837-32A5A5D18FBC}"
EndProject
Project("{2150E333-8FDC-42A3-9474-1A3956D46DE8}") = "src", "src", "{0CBC1276-6021-4B0E-8337-BEF45E69053C}"
EndProject
Project("{2150E333-8FDC-42A3-9474-1A3956D46DE8}") = "test", "test", "{27186F05-FF08-4CFD-AF06-4141A60E16E1}"
EndProject
Project("{FAE04EC0-301F-11D3-BF4B-00C04F79EFBC}") = "Ean.LarkBot.Core.Tests", "test\Ean.LarkBot.Core.Tests\Ean.LarkBot.Core.Tests.csproj", "{BA658E62-0FD1-4308-9016-1BB7759FBED9}"
EndProject
Project("{2150E333-8FDC-42A3-9474-1A3956D46DE8}") = "modules", "modules", "{BAEBA132-0811-425E-9EB0-1820E3F83436}"
EndProject
Project("{FAE04EC0-301F-11D3-BF4B-00C04F79EFBC}") = "AElf.Client", "modules\AElf.Client\AElf.Client.csproj", "{9849FBF7-B2C0-4D82-B828-5A1D95B68C70}"
EndProject
Project("{FAE04EC0-301F-11D3-BF4B-00C04F79EFBC}") = "AElf.Client.Core", "modules\AElf.Client.Core\AElf.Client.Core.csproj", "{450D9EEA-391E-440F-B30F-559CBE001F9A}"
EndProject
Project("{FAE04EC0-301F-11D3-BF4B-00C04F79EFBC}") = "AElf.Client.Token", "modules\AElf.Client.Token\AElf.Client.Token.csproj", "{DF7AEBF4-75EE-411E-988D-57D6D8FD483F}"
EndProject
Project("{FAE04EC0-301F-11D3-BF4B-00C04F79EFBC}") = "AElf.Client.Protobuf", "modules\AElf.Client.Protobuf\AElf.Client.Protobuf.csproj", "{11706039-ADC6-47B3-BDA4-F59A3FDF2A5C}"
EndProject
Project("{FAE04EC0-301F-11D3-BF4B-00C04F79EFBC}") = "AElf.Client.CrossChain", "modules\AElf.Client.CrossChain\AElf.Client.CrossChain.csproj", "{65EED7C0-45DB-4C08-A2B3-031D5A8E59D2}"
EndProject
Project("{FAE04EC0-301F-11D3-BF4B-00C04F79EFBC}") = "Ean.LarkBot.QingYunKe", "src\Ean.LarkBot.QingYunKe\Ean.LarkBot.QingYunKe.csproj", "{9F8396F0-0639-4B7B-A014-32A6BD1D462D}"
EndProject
Project("{FAE04EC0-301F-11D3-BF4B-00C04F79EFBC}") = "Ean.Tapd", "src\Ean.Tapd\Ean.Tapd.csproj", "{5E28A623-3114-4C6F-9307-EB2396CC3CEB}"
EndProject
Global
	GlobalSection(SolutionConfigurationPlatforms) = preSolution
		Debug|Any CPU = Debug|Any CPU
		Release|Any CPU = Release|Any CPU
	EndGlobalSection
	GlobalSection(ProjectConfigurationPlatforms) = postSolution
		{C8730F6D-88B5-46C9-82CD-2C1813529B21}.Debug|Any CPU.ActiveCfg = Debug|Any CPU
		{C8730F6D-88B5-46C9-82CD-2C1813529B21}.Debug|Any CPU.Build.0 = Debug|Any CPU
		{C8730F6D-88B5-46C9-82CD-2C1813529B21}.Release|Any CPU.ActiveCfg = Release|Any CPU
		{C8730F6D-88B5-46C9-82CD-2C1813529B21}.Release|Any CPU.Build.0 = Release|Any CPU
		{2724D8E5-9C78-4DFF-8837-32A5A5D18FBC}.Debug|Any CPU.ActiveCfg = Debug|Any CPU
		{2724D8E5-9C78-4DFF-8837-32A5A5D18FBC}.Debug|Any CPU.Build.0 = Debug|Any CPU
		{2724D8E5-9C78-4DFF-8837-32A5A5D18FBC}.Release|Any CPU.ActiveCfg = Release|Any CPU
		{2724D8E5-9C78-4DFF-8837-32A5A5D18FBC}.Release|Any CPU.Build.0 = Release|Any CPU
		{BA658E62-0FD1-4308-9016-1BB7759FBED9}.Debug|Any CPU.ActiveCfg = Debug|Any CPU
		{BA658E62-0FD1-4308-9016-1BB7759FBED9}.Debug|Any CPU.Build.0 = Debug|Any CPU
		{BA658E62-0FD1-4308-9016-1BB7759FBED9}.Release|Any CPU.ActiveCfg = Release|Any CPU
		{BA658E62-0FD1-4308-9016-1BB7759FBED9}.Release|Any CPU.Build.0 = Release|Any CPU
		{9849FBF7-B2C0-4D82-B828-5A1D95B68C70}.Debug|Any CPU.ActiveCfg = Debug|Any CPU
		{9849FBF7-B2C0-4D82-B828-5A1D95B68C70}.Debug|Any CPU.Build.0 = Debug|Any CPU
		{9849FBF7-B2C0-4D82-B828-5A1D95B68C70}.Release|Any CPU.ActiveCfg = Release|Any CPU
		{9849FBF7-B2C0-4D82-B828-5A1D95B68C70}.Release|Any CPU.Build.0 = Release|Any CPU
		{450D9EEA-391E-440F-B30F-559CBE001F9A}.Debug|Any CPU.ActiveCfg = Debug|Any CPU
		{450D9EEA-391E-440F-B30F-559CBE001F9A}.Debug|Any CPU.Build.0 = Debug|Any CPU
		{450D9EEA-391E-440F-B30F-559CBE001F9A}.Release|Any CPU.ActiveCfg = Release|Any CPU
		{450D9EEA-391E-440F-B30F-559CBE001F9A}.Release|Any CPU.Build.0 = Release|Any CPU
		{DF7AEBF4-75EE-411E-988D-57D6D8FD483F}.Debug|Any CPU.ActiveCfg = Debug|Any CPU
		{DF7AEBF4-75EE-411E-988D-57D6D8FD483F}.Debug|Any CPU.Build.0 = Debug|Any CPU
		{DF7AEBF4-75EE-411E-988D-57D6D8FD483F}.Release|Any CPU.ActiveCfg = Release|Any CPU
		{DF7AEBF4-75EE-411E-988D-57D6D8FD483F}.Release|Any CPU.Build.0 = Release|Any CPU
		{11706039-ADC6-47B3-BDA4-F59A3FDF2A5C}.Debug|Any CPU.ActiveCfg = Debug|Any CPU
		{11706039-ADC6-47B3-BDA4-F59A3FDF2A5C}.Debug|Any CPU.Build.0 = Debug|Any CPU
		{11706039-ADC6-47B3-BDA4-F59A3FDF2A5C}.Release|Any CPU.ActiveCfg = Release|Any CPU
		{11706039-ADC6-47B3-BDA4-F59A3FDF2A5C}.Release|Any CPU.Build.0 = Release|Any CPU
		{65EED7C0-45DB-4C08-A2B3-031D5A8E59D2}.Debug|Any CPU.ActiveCfg = Debug|Any CPU
		{65EED7C0-45DB-4C08-A2B3-031D5A8E59D2}.Debug|Any CPU.Build.0 = Debug|Any CPU
		{65EED7C0-45DB-4C08-A2B3-031D5A8E59D2}.Release|Any CPU.ActiveCfg = Release|Any CPU
		{65EED7C0-45DB-4C08-A2B3-031D5A8E59D2}.Release|Any CPU.Build.0 = Release|Any CPU
		{9F8396F0-0639-4B7B-A014-32A6BD1D462D}.Debug|Any CPU.ActiveCfg = Debug|Any CPU
		{9F8396F0-0639-4B7B-A014-32A6BD1D462D}.Debug|Any CPU.Build.0 = Debug|Any CPU
		{9F8396F0-0639-4B7B-A014-32A6BD1D462D}.Release|Any CPU.ActiveCfg = Release|Any CPU
		{9F8396F0-0639-4B7B-A014-32A6BD1D462D}.Release|Any CPU.Build.0 = Release|Any CPU
		{5E28A623-3114-4C6F-9307-EB2396CC3CEB}.Debug|Any CPU.ActiveCfg = Debug|Any CPU
		{5E28A623-3114-4C6F-9307-EB2396CC3CEB}.Debug|Any CPU.Build.0 = Debug|Any CPU
		{5E28A623-3114-4C6F-9307-EB2396CC3CEB}.Release|Any CPU.ActiveCfg = Release|Any CPU
		{5E28A623-3114-4C6F-9307-EB2396CC3CEB}.Release|Any CPU.Build.0 = Release|Any CPU
	EndGlobalSection
	GlobalSection(NestedProjects) = preSolution
		{2724D8E5-9C78-4DFF-8837-32A5A5D18FBC} = {0CBC1276-6021-4B0E-8337-BEF45E69053C}
		{C8730F6D-88B5-46C9-82CD-2C1813529B21} = {0CBC1276-6021-4B0E-8337-BEF45E69053C}
		{BA658E62-0FD1-4308-9016-1BB7759FBED9} = {27186F05-FF08-4CFD-AF06-4141A60E16E1}
		{9849FBF7-B2C0-4D82-B828-5A1D95B68C70} = {BAEBA132-0811-425E-9EB0-1820E3F83436}
		{450D9EEA-391E-440F-B30F-559CBE001F9A} = {BAEBA132-0811-425E-9EB0-1820E3F83436}
		{DF7AEBF4-75EE-411E-988D-57D6D8FD483F} = {BAEBA132-0811-425E-9EB0-1820E3F83436}
		{11706039-ADC6-47B3-BDA4-F59A3FDF2A5C} = {BAEBA132-0811-425E-9EB0-1820E3F83436}
		{65EED7C0-45DB-4C08-A2B3-031D5A8E59D2} = {BAEBA132-0811-425E-9EB0-1820E3F83436}
		{9F8396F0-0639-4B7B-A014-32A6BD1D462D} = {0CBC1276-6021-4B0E-8337-BEF45E69053C}
		{5E28A623-3114-4C6F-9307-EB2396CC3CEB} = {0CBC1276-6021-4B0E-8337-BEF45E69053C}
	EndGlobalSection
EndGlobal
